
Microsoft Visual Studio Solution File, Format Version 12.00
# Visual Studio 14
VisualStudioVersion = 14.0.25420.1
MinimumVisualStudioVersion = 10.0.40219.1
Project("{2150E333-8FDC-42A3-9474-1A3956D46DE8}") = "Solution Items", "Solution Items", "{E3562E42-2E39-41E4-B160-3C4E590AFE21}"
	ProjectSection(SolutionItems) = preProject
		README.md = README.md
	EndProjectSection
EndProject
Project("{FAE04EC0-301F-11D3-BF4B-00C04F79EFBC}") = "WpfAppSimpleType", "WpfAppSimpleType\WpfAppSimpleType.csproj", "{33BF45B4-E507-4C86-AA84-27A0938BEDDD}"
EndProject
Global
	GlobalSection(SolutionConfigurationPlatforms) = preSolution
		Debug|Any CPU = Debug|Any CPU
		Release|Any CPU = Release|Any CPU
	EndGlobalSection
	GlobalSection(ProjectConfigurationPlatforms) = postSolution
		{33BF45B4-E507-4C86-AA84-27A0938BEDDD}.Debug|Any CPU.ActiveCfg = Debug|Any CPU
		{33BF45B4-E507-4C86-AA84-27A0938BEDDD}.Debug|Any CPU.Build.0 = Debug|Any CPU
		{33BF45B4-E507-4C86-AA84-27A0938BEDDD}.Release|Any CPU.ActiveCfg = Release|Any CPU
		{33BF45B4-E507-4C86-AA84-27A0938BEDDD}.Release|Any CPU.Build.0 = Release|Any CPU
	EndGlobalSection
	GlobalSection(SolutionProperties) = preSolution
		HideSolutionNode = FALSE
	EndGlobalSection
EndGlobal
